
Microsoft Visual Studio Solution File, Format Version 12.00
Project("{FAE04EC0-301F-11D3-BF4B-00C04F79EFBC}") = "ConcreteEngine.Graphics", "ConcreteEngine.Graphics\ConcreteEngine.Graphics.csproj", "{E5E3A6AB-7924-416B-8ECD-3596748176DD}"
EndProject
Project("{FAE04EC0-301F-11D3-BF4B-00C04F79EFBC}") = "ConcreteEngine.Core", "ConcreteEngine.Core\ConcreteEngine.Core.csproj", "{F43FF68D-8170-4802-BE9E-DCBD628C6F08}"
EndProject
Project("{FAE04EC0-301F-11D3-BF4B-00C04F79EFBC}") = "ConcreteEngine.Common", "ConcreteEngine.Common\ConcreteEngine.Common.csproj", "{44B37750-4689-4EAB-BBBD-2EDE1A0C0F39}"
EndProject
Project("{FAE04EC0-301F-11D3-BF4B-00C04F79EFBC}") = "Demo3D", "Demo3D\Demo3D.csproj", "{F41247F4-C0D4-4031-B619-AF456F95D065}"
EndProject
Project("{FAE04EC0-301F-11D3-BF4B-00C04F79EFBC}") = "ConcreteEngine.Renderer", "ConcreteEngine.Renderer\ConcreteEngine.Renderer.csproj", "{B2C7ADA5-CEBB-48B4-96ED-2E8CF82D884B}"
EndProject
Project("{FAE04EC0-301F-11D3-BF4B-00C04F79EFBC}") = "Tools.DebugInterface", "Tools.DebugInterface\Tools.DebugInterface.csproj", "{F5FEEAB6-E5CC-4415-A47D-AFED2B5C427D}"
EndProject
Global
	GlobalSection(SolutionConfigurationPlatforms) = preSolution
		Debug|Any CPU = Debug|Any CPU
		Release|Any CPU = Release|Any CPU
	EndGlobalSection
	GlobalSection(ProjectConfigurationPlatforms) = postSolution
		{E5E3A6AB-7924-416B-8ECD-3596748176DD}.Debug|Any CPU.ActiveCfg = Debug|Any CPU
		{E5E3A6AB-7924-416B-8ECD-3596748176DD}.Debug|Any CPU.Build.0 = Debug|Any CPU
		{E5E3A6AB-7924-416B-8ECD-3596748176DD}.Release|Any CPU.ActiveCfg = Release|Any CPU
		{E5E3A6AB-7924-416B-8ECD-3596748176DD}.Release|Any CPU.Build.0 = Release|Any CPU
		{F43FF68D-8170-4802-BE9E-DCBD628C6F08}.Debug|Any CPU.ActiveCfg = Debug|Any CPU
		{F43FF68D-8170-4802-BE9E-DCBD628C6F08}.Debug|Any CPU.Build.0 = Debug|Any CPU
		{F43FF68D-8170-4802-BE9E-DCBD628C6F08}.Release|Any CPU.ActiveCfg = Release|Any CPU
		{F43FF68D-8170-4802-BE9E-DCBD628C6F08}.Release|Any CPU.Build.0 = Release|Any CPU
		{44B37750-4689-4EAB-BBBD-2EDE1A0C0F39}.Debug|Any CPU.ActiveCfg = Debug|Any CPU
		{44B37750-4689-4EAB-BBBD-2EDE1A0C0F39}.Debug|Any CPU.Build.0 = Debug|Any CPU
		{44B37750-4689-4EAB-BBBD-2EDE1A0C0F39}.Release|Any CPU.ActiveCfg = Release|Any CPU
		{44B37750-4689-4EAB-BBBD-2EDE1A0C0F39}.Release|Any CPU.Build.0 = Release|Any CPU
		{F41247F4-C0D4-4031-B619-AF456F95D065}.Debug|Any CPU.ActiveCfg = Debug|Any CPU
		{F41247F4-C0D4-4031-B619-AF456F95D065}.Debug|Any CPU.Build.0 = Debug|Any CPU
		{F41247F4-C0D4-4031-B619-AF456F95D065}.Release|Any CPU.ActiveCfg = Release|Any CPU
		{F41247F4-C0D4-4031-B619-AF456F95D065}.Release|Any CPU.Build.0 = Release|Any CPU
		{B2C7ADA5-CEBB-48B4-96ED-2E8CF82D884B}.Debug|Any CPU.ActiveCfg = Debug|Any CPU
		{B2C7ADA5-CEBB-48B4-96ED-2E8CF82D884B}.Debug|Any CPU.Build.0 = Debug|Any CPU
		{B2C7ADA5-CEBB-48B4-96ED-2E8CF82D884B}.Release|Any CPU.ActiveCfg = Release|Any CPU
		{B2C7ADA5-CEBB-48B4-96ED-2E8CF82D884B}.Release|Any CPU.Build.0 = Release|Any CPU
		{F5FEEAB6-E5CC-4415-A47D-AFED2B5C427D}.Debug|Any CPU.ActiveCfg = Debug|Any CPU
		{F5FEEAB6-E5CC-4415-A47D-AFED2B5C427D}.Debug|Any CPU.Build.0 = Debug|Any CPU
		{F5FEEAB6-E5CC-4415-A47D-AFED2B5C427D}.Release|Any CPU.ActiveCfg = Release|Any CPU
		{F5FEEAB6-E5CC-4415-A47D-AFED2B5C427D}.Release|Any CPU.Build.0 = Release|Any CPU
	EndGlobalSection
EndGlobal
